
Microsoft Visual Studio Solution File, Format Version 12.00
# Visual Studio Version 17
VisualStudioVersion = 17.12.35707.178 d17.12
MinimumVisualStudioVersion = 10.0.40219.1
Project("{FAE04EC0-301F-11D3-BF4B-00C04F79EFBC}") = "BootCampProject", "BootCampProject\BootCampProject.csproj", "{173D71C3-E22E-4D41-B22B-DA59083B502D}"
EndProject
Project("{FAE04EC0-301F-11D3-BF4B-00C04F79EFBC}") = "Core", "Core\Core.csproj", "{C04E7341-FD2A-43AF-B67E-B925D45E3DDD}"
EndProject
Project("{FAE04EC0-301F-11D3-BF4B-00C04F79EFBC}") = "Entities", "Entities\Entities.csproj", "{392856D2-B283-4A16-8B68-D0A7E12FAC9E}"
EndProject
Project("{FAE04EC0-301F-11D3-BF4B-00C04F79EFBC}") = "Repositories", "Repositories\Repositories.csproj", "{D88BE6CD-9D82-49DC-A342-0BEE10D9D56F}"
EndProject
Project("{FAE04EC0-301F-11D3-BF4B-00C04F79EFBC}") = "Business", "Business\Business.csproj", "{198A18B3-EDF6-40BC-BFFE-96B276046AE0}"
EndProject
Global
	GlobalSection(SolutionConfigurationPlatforms) = preSolution
		Debug|Any CPU = Debug|Any CPU
		Release|Any CPU = Release|Any CPU
	EndGlobalSection
	GlobalSection(ProjectConfigurationPlatforms) = postSolution
		{173D71C3-E22E-4D41-B22B-DA59083B502D}.Debug|Any CPU.ActiveCfg = Debug|Any CPU
		{173D71C3-E22E-4D41-B22B-DA59083B502D}.Debug|Any CPU.Build.0 = Debug|Any CPU
		{173D71C3-E22E-4D41-B22B-DA59083B502D}.Release|Any CPU.ActiveCfg = Release|Any CPU
		{173D71C3-E22E-4D41-B22B-DA59083B502D}.Release|Any CPU.Build.0 = Release|Any CPU
		{C04E7341-FD2A-43AF-B67E-B925D45E3DDD}.Debug|Any CPU.ActiveCfg = Debug|Any CPU
		{C04E7341-FD2A-43AF-B67E-B925D45E3DDD}.Debug|Any CPU.Build.0 = Debug|Any CPU
		{C04E7341-FD2A-43AF-B67E-B925D45E3DDD}.Release|Any CPU.ActiveCfg = Release|Any CPU
		{C04E7341-FD2A-43AF-B67E-B925D45E3DDD}.Release|Any CPU.Build.0 = Release|Any CPU
		{392856D2-B283-4A16-8B68-D0A7E12FAC9E}.Debug|Any CPU.ActiveCfg = Debug|Any CPU
		{392856D2-B283-4A16-8B68-D0A7E12FAC9E}.Debug|Any CPU.Build.0 = Debug|Any CPU
		{392856D2-B283-4A16-8B68-D0A7E12FAC9E}.Release|Any CPU.ActiveCfg = Release|Any CPU
		{392856D2-B283-4A16-8B68-D0A7E12FAC9E}.Release|Any CPU.Build.0 = Release|Any CPU
		{D88BE6CD-9D82-49DC-A342-0BEE10D9D56F}.Debug|Any CPU.ActiveCfg = Debug|Any CPU
		{D88BE6CD-9D82-49DC-A342-0BEE10D9D56F}.Debug|Any CPU.Build.0 = Debug|Any CPU
		{D88BE6CD-9D82-49DC-A342-0BEE10D9D56F}.Release|Any CPU.ActiveCfg = Release|Any CPU
		{D88BE6CD-9D82-49DC-A342-0BEE10D9D56F}.Release|Any CPU.Build.0 = Release|Any CPU
		{198A18B3-EDF6-40BC-BFFE-96B276046AE0}.Debug|Any CPU.ActiveCfg = Debug|Any CPU
		{198A18B3-EDF6-40BC-BFFE-96B276046AE0}.Debug|Any CPU.Build.0 = Debug|Any CPU
		{198A18B3-EDF6-40BC-BFFE-96B276046AE0}.Release|Any CPU.ActiveCfg = Release|Any CPU
		{198A18B3-EDF6-40BC-BFFE-96B276046AE0}.Release|Any CPU.Build.0 = Release|Any CPU
	EndGlobalSection
	GlobalSection(SolutionProperties) = preSolution
		HideSolutionNode = FALSE
	EndGlobalSection
EndGlobal
